
Microsoft Visual Studio Solution File, Format Version 12.00
# Visual Studio Version 16
VisualStudioVersion = 25.0.1706.7
MinimumVisualStudioVersion = 10.0.40219.1
Project("{FAE04EC0-301F-11D3-BF4B-00C04F79EFBC}") = "WebApi002", "WebApi002.csproj", "{66053493-5A7D-4BAB-98C1-28CE5D47ABF2}"
EndProject
Global
	GlobalSection(SolutionConfigurationPlatforms) = preSolution
		Debug|Any CPU = Debug|Any CPU
		Release|Any CPU = Release|Any CPU
	EndGlobalSection
	GlobalSection(ProjectConfigurationPlatforms) = postSolution
		{66053493-5A7D-4BAB-98C1-28CE5D47ABF2}.Debug|Any CPU.ActiveCfg = Debug|Any CPU
		{66053493-5A7D-4BAB-98C1-28CE5D47ABF2}.Debug|Any CPU.Build.0 = Debug|Any CPU
		{66053493-5A7D-4BAB-98C1-28CE5D47ABF2}.Release|Any CPU.ActiveCfg = Release|Any CPU
		{66053493-5A7D-4BAB-98C1-28CE5D47ABF2}.Release|Any CPU.Build.0 = Release|Any CPU
	EndGlobalSection
	GlobalSection(SolutionProperties) = preSolution
		HideSolutionNode = FALSE
	EndGlobalSection
	GlobalSection(ExtensibilityGlobals) = postSolution
		SolutionGuid = {8984771B-A7E7-4904-A669-1E0A1B7670C8}
	EndGlobalSection
EndGlobal
