
Microsoft Visual Studio Solution File, Format Version 12.00
# Visual Studio Version 17
VisualStudioVersion = 17.8.34330.188
MinimumVisualStudioVersion = 10.0.40219.1
Project("{FAE04EC0-301F-11D3-BF4B-00C04F79EFBC}") = "WebApi008", "WebApi008\WebApi008.csproj", "{0516FA54-0383-4142-A43C-729B99D8B44A}"
EndProject
Global
	GlobalSection(SolutionConfigurationPlatforms) = preSolution
		Debug|Any CPU = Debug|Any CPU
		Release|Any CPU = Release|Any CPU
	EndGlobalSection
	GlobalSection(ProjectConfigurationPlatforms) = postSolution
		{0516FA54-0383-4142-A43C-729B99D8B44A}.Debug|Any CPU.ActiveCfg = Debug|Any CPU
		{0516FA54-0383-4142-A43C-729B99D8B44A}.Debug|Any CPU.Build.0 = Debug|Any CPU
		{0516FA54-0383-4142-A43C-729B99D8B44A}.Release|Any CPU.ActiveCfg = Release|Any CPU
		{0516FA54-0383-4142-A43C-729B99D8B44A}.Release|Any CPU.Build.0 = Release|Any CPU
	EndGlobalSection
	GlobalSection(SolutionProperties) = preSolution
		HideSolutionNode = FALSE
	EndGlobalSection
	GlobalSection(ExtensibilityGlobals) = postSolution
		SolutionGuid = {03E2CBBA-4DD5-432C-8D63-2CD0856E4C43}
	EndGlobalSection
EndGlobal
